[[package]]
name = "cython"
version = "3.0a6"
description = "The Cython compiler for writing C extensions for the Python language."
category = "dev"
optional = false
python-versions = ">=2.7, !=3.0.*, !=3.1.*, !=3.2.*, !=3.3.*"

[metadata]
lock-version = "1.1"
python-versions = "^3.6"
content-hash = "da4d97ccbc281cb63d288c9ebce9f09ad8cebdcc632be96f61713e047269674c"

[metadata.files]
cython = [
    {file = "Cython-3.0a6-cp27-cp27m-macosx_10_9_x86_64.whl", hash = "sha256:1ad3b741ab59ded388fa95edcce64e81c88653150a25b11913013a559ac822f7"},
    {file = "Cython-3.0a6-cp27-cp27m-manylinux1_i686.whl", hash = "sha256:b18007d242601d1fc892cd989f05be62436b3c2b011acb8dc28400717dc63a6f"},
    {file = "Cython-3.0a6-cp27-cp27m-manylinux1_x86_64.whl", hash = "sha256:071dae73952ae59758827b1b2f91cf504d7b18d4b532e3ac2d618ca01059ae17"},
    {file = "Cython-3.0a6-cp27-cp27m-manylinux2010_i686.whl", hash = "sha256:45768365efbd1aa0a436bc8edcbf33b780f05f51dc065b7185991bb1ce91a4f4"},
    {file = "Cython-3.0a6-cp27-cp27m-manylinux2010_x86_64.whl", hash = "sha256:ba3308cec1fa1f6ba683523be58a5fb584019025b37ea09ec5ce80798575182b"},
    {file = "Cython-3.0a6-cp27-cp27m-win32.whl", hash = "sha256:077ec3bf117d991252e339afc7a89226f584c2036b75c4d52bdcb3de2df91e33"},
    {file = "Cython-3.0a6-cp27-cp27m-win_amd64.whl", hash = "sha256:46a5a191b0467b076a63ce60d27772ccf83d938197e218d8046075f7585d53bd"},
    {file = "Cython-3.0a6-cp27-cp27mu-manylinux1_i686.whl", hash = "sha256:7c99776ce4d153ad125355a82a766b557a45042d241c3b6d1e6346073811b6cb"},
    {file = "Cython-3.0a6-cp27-cp27mu-manylinux1_x86_64.whl", hash = "sha256:eb6ad41e68d14e695557e2d5e6cbe8c646be6a27c7b4961e537ab77e5e5f321f"},
    {file = "Cython-3.0a6-cp27-cp27mu-manylinux2010_i686.whl", hash = "sha256:ab2ce3b2a5dbe8b21d1870f26cdd6ddcad7754ecfff7c40d95d602cbcde2a1c2"},
    {file = "Cython-3.0a6-cp27-cp27mu-manylinux2010_x86_64.whl", hash = "sha256:d06c37de66f4583416791904c9a2ff4244395088586cc3fd39b9e1262519a97a"},
    {file = "Cython-3.0a6-cp34-cp34m-manylinux1_x86_64.whl", hash = "sha256:9b81622d84684e7b465a0b47129d4ecb27c0e23586086bd85097cc1d7052b305"},
    {file = "Cython-3.0a6-cp34-cp34m-manylinux2010_x86_64.whl", hash = "sha256:5a7b962b9b58ead0a6d3513ca77f41a12c7a2a3dabd125a1cf3440be77e4e800"},
    {file = "Cython-3.0a6-cp34-cp34m-win32.whl", hash = "sha256:5c4c94d42d804c4e62754a99fdb9dc3ca7dd4f2e615433111e5f0185b737f6a3"},
    {file = "Cython-3.0a6-cp34-cp34m-win_amd64.whl", hash = "sha256:ec2f51247867bb1b314a7f00cd7aafa5d977410473f54c15decce4a2b6941ad1"},
    {file = "Cython-3.0a6-cp35-cp35m-manylinux1_i686.whl", hash = "sha256:246ccacbd4037b18aba87daf3b987dbdc6ebe4eef6df177d10a4a269a0b76c92"},
    {file = "Cython-3.0a6-cp35-cp35m-manylinux1_x86_64.whl", hash = "sha256:ad3be1343a0a78bb1abfdfc47da5741460691b7078b6cafd81458eb78aa65b9c"},
    {file = "Cython-3.0a6-cp35-cp35m-manylinux2010_i686.whl", hash = "sha256:85186783db1672b850551cc56e6dd41897b3981a0d1eaa73d2433a7378f3cdc9"},
    {file = "Cython-3.0a6-cp35-cp35m-manylinux2010_x86_64.whl", hash = "sha256:1bacf436dd9c0a30d44d3f00f94a6dcb9905937b0a0c9da9bcfaaabadd0b5400"},
    {file = "Cython-3.0a6-cp35-cp35m-win32.whl", hash = "sha256:ff9f6023a0dd031bf64f33ed89c6162800eca06268cd6cede5cfe55d4d2ff55e"},
    {file = "Cython-3.0a6-cp35-cp35m-win_amd64.whl", hash = "sha256:99806c8e3091364940cccc297b232a4a70908116a7b570f7effc8db24fc00f3a"},
    {file = "Cython-3.0a6-cp36-cp36m-macosx_10_9_x86_64.whl", hash = "sha256:66c68c55fb997a42fe02ba3f17b21a8ceab77819406e626bc46ec79022efab2c"},
    {file = "Cython-3.0a6-cp36-cp36m-manylinux1_i686.whl", hash = "sha256:caad7f49083447859a015f293585abcbde680424d22106d3619c6b07490bb06d"},
    {file = "Cython-3.0a6-cp36-cp36m-manylinux1_x86_64.whl", hash = "sha256:4e4b28990bff00c9719887cba95102eccaa485597dd9947b48663d1eb1d2b2a9"},
    {file = "Cython-3.0a6-cp36-cp36m-manylinux2010_i686.whl", hash = "sha256:562b6cb8a37eb6c153afeaf3fdbd4082c3378695f71690d725e4678774d1e079"},
    {file = "Cython-3.0a6-cp36-cp36m-manylinux2010_x86_64.whl", hash = "sha256:98ea477d057677e91cb03bb7c093f45b94fa67c21aacdb69c958f42378b9fa04"},
    {file = "Cython-3.0a6-cp36-cp36m-win32.whl", hash = "sha256:fddbe4d7bfe4bc625e5948e29ad4490f7e653d04204d4cead03252dc92cd3a42"},
    {file = "Cython-3.0a6-cp36-cp36m-win_amd64.whl", hash = "sha256:dd138728e8e742cbb9db89fda69ff60b7606116d1c61a8e2fda1b3cbada76475"},
    {file = "Cython-3.0a6-cp37-cp37m-macosx_10_9_x86_64.whl", hash = "sha256:710f11b24a50969b29feea8853bd63d0c208f4cc6d2caa3749c1cafc9c5ca995"},
    {file = "Cython-3.0a6-cp37-cp37m-manylinux1_i686.whl", hash = "sha256:30e8b5c0fd2d37473740dc2ab8a3c449b4c6b50e1d4a1e61a231c9c63152d3bc"},
    {file = "Cython-3.0a6-cp37-cp37m-manylinux1_x86_64.whl", hash = "sha256:7b50d4585b8ce340573f08e91b82120d9a02f6ff19dbd27e6e6b40104d8a755c"},
    {file = "Cython-3.0a6-cp37-cp37m-manylinux2010_i686.whl", hash = "sha256:9a1e9b84a9b0d454be301131a84b733fda65748c2132263b2fa3d6e142277905"},
    {file = "Cython-3.0a6-cp37-cp37m-manylinux2010_x86_64.whl", hash = "sha256:b41efc0c0e625324439ef447c9fe34f4abb308eafd2333ff347451aa0c5c1d24"},
    {file = "Cython-3.0a6-cp37-cp37m-win32.whl", hash = "sha256:2bb04a29962c0a581ef77ebec5b638f81bb140949a4ac47c2c1549b85d0e422d"},
    {file = "Cython-3.0a6-cp37-cp37m-win_amd64.whl", hash = "sha256:a18505602d5c2e0f3973b30b3d851c0b99e6f5d75a5447a70f49294611e9e0ce"},
    {file = "Cython-3.0a6-cp38-cp38-macosx_10_9_x86_64.whl", hash = "sha256:9e87423771dce1ec7a46fb5bfe24ca74f192590b08523415538371a13219f2c0"},
    {file = "Cython-3.0a6-cp38-cp38-manylinux1_i686.whl", hash = "sha256:d23c278f3d2026a76d65e1adc6609e22aac904707790b6ea97c7fa9cc1fa2cb7"},
    {file = "Cython-3.0a6-cp38-cp38-manylinux1_x86_64.whl", hash = "sha256:8cfc5738a09eab0b59b8309e6a38152eefcf14e4fc2a02edb772c4ab7226af3b"},
    {file = "Cython-3.0a6-cp38-cp38-manylinux2010_i686.whl", hash = "sha256:b96343f4e58cbe7ab4aa9352a2fecf09553ed258c1c2fc58536cd921dc38cf7e"},
    {file = "Cython-3.0a6-cp38-cp38-manylinux2010_x86_64.whl", hash = "sha256:9e2e01dbcb71b35bd4e87d8fcc4fe0792b5b0bd178c709eabe678642bb26b7d3"},
    {file = "Cython-3.0a6-cp38-cp38-win32.whl", hash = "sha256:d0da2fb4ddb2e57819f8da3aa4c0b48ecc2a8d8ac0f67ea479eb45781bebe081"},
    {file = "Cython-3.0a6-cp38-cp38-win_amd64.whl", hash = "sha256:530a35994c6efbbd9abba958f5a60a65436a37f91d6a44cefe02e4685fb8af12"},
    {file = "Cython-3.0a6-py2.py3-none-any.whl", hash = "sha256:ab0bdbb913ae4e2620ee35bde188367faf225a8afa725ad5e090275a6c42e105"},
    {file = "Cython-3.0a6.tar.gz", hash = "sha256:b85e0997c05f79763f5ab56dc8448a78f724aa91f7e139633d4552301424f269"},
]
